// !$*UTF8*$!
{
	archiveVersion = 1;
	classes = {
	};
	objectVersion = 46;
	objects = {

/* Begin PBXBuildFile section */
		71776D951D00B30C000DD700 /* AppDelegate.swift in Sources */ = {isa = PBXBuildFile; fileRef = 71776D941D00B30C000DD700 /* AppDelegate.swift */; };
		71776D971D00B30C000DD700 /* ViewController.swift in Sources */ = {isa = PBXBuildFile; fileRef = 71776D961D00B30C000DD700 /* ViewController.swift */; };
		71776D9A1D00B30C000DD700 /* Main.storyboard in Resources */ = {isa = PBXBuildFile; fileRef = 71776D981D00B30C000DD700 /* Main.storyboard */; };
		71776D9C1D00B30C000DD700 /* Assets.xcassets in Resources */ = {isa = PBXBuildFile; fileRef = 71776D9B1D00B30C000DD700 /* Assets.xcassets */; };
		71776D9F1D00B30C000DD700 /* LaunchScreen.storyboard in Resources */ = {isa = PBXBuildFile; fileRef = 71776D9D1D00B30C000DD700 /* LaunchScreen.storyboard */; };
		71776DAA1D00B30C000DD700 /* FoodStockTests.swift in Sources */ = {isa = PBXBuildFile; fileRef = 71776DA91D00B30C000DD700 /* FoodStockTests.swift */; };
		71776DB51D00B30C000DD700 /* FoodStockUITests.swift in Sources */ = {isa = PBXBuildFile; fileRef = 71776DB41D00B30C000DD700 /* FoodStockUITests.swift */; };
		71776DC31D00BD32000DD700 /* IngredientTableViewCell.swift in Sources */ = {isa = PBXBuildFile; fileRef = 71776DC21D00BD32000DD700 /* IngredientTableViewCell.swift */; };
		71776DC51D0235DE000DD700 /* Ingredient.swift in Sources */ = {isa = PBXBuildFile; fileRef = 71776DC41D0235DE000DD700 /* Ingredient.swift */; };
/* End PBXBuildFile section */

/* Begin PBXContainerItemProxy section */
		71776DA61D00B30C000DD700 /* PBXContainerItemProxy */ = {
			isa = PBXContainerItemProxy;
			containerPortal = 71776D891D00B30C000DD700 /* Project object */;
			proxyType = 1;
			remoteGlobalIDString = 71776D901D00B30C000DD700;
			remoteInfo = FoodStock;
		};
		71776DB11D00B30C000DD700 /* PBXContainerItemProxy */ = {
			isa = PBXContainerItemProxy;
			containerPortal = 71776D891D00B30C000DD700 /* Project object */;
			proxyType = 1;
			remoteGlobalIDString = 71776D901D00B30C000DD700;
			remoteInfo = FoodStock;
		};
/* End PBXContainerItemProxy section */

/* Begin PBXFileReference section */
		71776D911D00B30C000DD700 /* FoodStock.app */ = {isa = PBXFileReference; explicitFileType = wrapper.application; includeInIndex = 0; path = FoodStock.app; sourceTree = BUILT_PRODUCTS_DIR; };
		71776D941D00B30C000DD700 /* AppDelegate.swift */ = {isa = PBXFileReference; lastKnownFileType = sourcecode.swift; path = AppDelegate.swift; sourceTree = "<group>"; };
		71776D961D00B30C000DD700 /* ViewController.swift */ = {isa = PBXFileReference; lastKnownFileType = sourcecode.swift; path = ViewController.swift; sourceTree = "<group>"; };
		71776D991D00B30C000DD700 /* Base */ = {isa = PBXFileReference; lastKnownFileType = file.storyboard; name = Base; path = Base.lproj/Main.storyboard; sourceTree = "<group>"; };
		71776D9B1D00B30C000DD700 /* Assets.xcassets */ = {isa = PBXFileReference; lastKnownFileType = folder.assetcatalog; path = Assets.xcassets; sourceTree = "<group>"; };
		71776D9E1D00B30C000DD700 /* Base */ = {isa = PBXFileReference; lastKnownFileType = file.storyboard; name = Base; path = Base.lproj/LaunchScreen.storyboard; sourceTree = "<group>"; };
		71776DA01D00B30C000DD700 /* Info.plist */ = {isa = PBXFileReference; lastKnownFileType = text.plist.xml; path = Info.plist; sourceTree = "<group>"; };
		71776DA51D00B30C000DD700 /* FoodStockTests.xctest */ = {isa = PBXFileReference; explicitFileType = wrapper.cfbundle; includeInIndex = 0; path = FoodStockTests.xctest; sourceTree = BUILT_PRODUCTS_DIR; };
		71776DA91D00B30C000DD700 /* FoodStockTests.swift */ = {isa = PBXFileReference; lastKnownFileType = sourcecode.swift; path = FoodStockTests.swift; sourceTree = "<group>"; };
		71776DAB1D00B30C000DD700 /* Info.plist */ = {isa = PBXFileReference; lastKnownFileType = text.plist.xml; path = Info.plist; sourceTree = "<group>"; };
		71776DB01D00B30C000DD700 /* FoodStockUITests.xctest */ = {isa = PBXFileReference; explicitFileType = wrapper.cfbundle; includeInIndex = 0; path = FoodStockUITests.xctest; sourceTree = BUILT_PRODUCTS_DIR; };
		71776DB41D00B30C000DD700 /* FoodStockUITests.swift */ = {isa = PBXFileReference; lastKnownFileType = sourcecode.swift; path = FoodStockUITests.swift; sourceTree = "<group>"; };
		71776DB61D00B30C000DD700 /* Info.plist */ = {isa = PBXFileReference; lastKnownFileType = text.plist.xml; path = Info.plist; sourceTree = "<group>"; };
		71776DC21D00BD32000DD700 /* IngredientTableViewCell.swift */ = {isa = PBXFileReference; fileEncoding = 4; lastKnownFileType = sourcecode.swift; path = IngredientTableViewCell.swift; sourceTree = "<group>"; };
		71776DC41D0235DE000DD700 /* Ingredient.swift */ = {isa = PBXFileReference; fileEncoding = 4; lastKnownFileType = sourcecode.swift; path = Ingredient.swift; sourceTree = "<group>"; };
/* End PBXFileReference section */

/* Begin PBXFrameworksBuildPhase section */
		71776D8E1D00B30C000DD700 /* Frameworks */ = {
			isa = PBXFrameworksBuildPhase;
			buildActionMask = 2147483647;
			files = (
			);
			runOnlyForDeploymentPostprocessing = 0;
		};
		71776DA21D00B30C000DD700 /* Frameworks */ = {
			isa = PBXFrameworksBuildPhase;
			buildActionMask = 2147483647;
			files = (
			);
			runOnlyForDeploymentPostprocessing = 0;
		};
		71776DAD1D00B30C000DD700 /* Frameworks */ = {
			isa = PBXFrameworksBuildPhase;
			buildActionMask = 2147483647;
			files = (
			);
			runOnlyForDeploymentPostprocessing = 0;
		};
/* End PBXFrameworksBuildPhase section */

/* Begin PBXGroup section */
		71776D881D00B30C000DD700 = {
			isa = PBXGroup;
			children = (
				71776D931D00B30C000DD700 /* FoodStock */,
				71776DA81D00B30C000DD700 /* FoodStockTests */,
				71776DB31D00B30C000DD700 /* FoodStockUITests */,
				71776D921D00B30C000DD700 /* Products */,
			);
			sourceTree = "<group>";
		};
		71776D921D00B30C000DD700 /* Products */ = {
			isa = PBXGroup;
			children = (
				71776D911D00B30C000DD700 /* FoodStock.app */,
				71776DA51D00B30C000DD700 /* FoodStockTests.xctest */,
				71776DB01D00B30C000DD700 /* FoodStockUITests.xctest */,
			);
			name = Products;
			sourceTree = "<group>";
		};
		71776D931D00B30C000DD700 /* FoodStock */ = {
			isa = PBXGroup;
			children = (
				71776D941D00B30C000DD700 /* AppDelegate.swift */,
				71776D961D00B30C000DD700 /* ViewController.swift */,
				71776D981D00B30C000DD700 /* Main.storyboard */,
				71776DC41D0235DE000DD700 /* Ingredient.swift */,
				71776DC21D00BD32000DD700 /* IngredientTableViewCell.swift */,
				71776D9B1D00B30C000DD700 /* Assets.xcassets */,
				71776D9D1D00B30C000DD700 /* LaunchScreen.storyboard */,
				71776DA01D00B30C000DD700 /* Info.plist */,
			);
			path = FoodStock;
			sourceTree = "<group>";
		};
		71776DA81D00B30C000DD700 /* FoodStockTests */ = {
			isa = PBXGroup;
			children = (
				71776DA91D00B30C000DD700 /* FoodStockTests.swift */,
				71776DAB1D00B30C000DD700 /* Info.plist */,
			);
			path = FoodStockTests;
			sourceTree = "<group>";
		};
		71776DB31D00B30C000DD700 /* FoodStockUITests */ = {
			isa = PBXGroup;
			children = (
				71776DB41D00B30C000DD700 /* FoodStockUITests.swift */,
				71776DB61D00B30C000DD700 /* Info.plist */,
			);
			path = FoodStockUITests;
			sourceTree = "<group>";
		};
/* End PBXGroup section */

/* Begin PBXNativeTarget section */
		71776D901D00B30C000DD700 /* FoodStock */ = {
			isa = PBXNativeTarget;
			buildConfigurationList = 71776DB91D00B30C000DD700 /* Build configuration list for PBXNativeTarget "FoodStock" */;
			buildPhases = (
				71776D8D1D00B30C000DD700 /* Sources */,
				71776D8E1D00B30C000DD700 /* Frameworks */,
				71776D8F1D00B30C000DD700 /* Resources */,
			);
			buildRules = (
			);
			dependencies = (
			);
			name = FoodStock;
			productName = FoodStock;
			productReference = 71776D911D00B30C000DD700 /* FoodStock.app */;
			productType = "com.apple.product-type.application";
		};
		71776DA41D00B30C000DD700 /* FoodStockTests */ = {
			isa = PBXNativeTarget;
			buildConfigurationList = 71776DBC1D00B30C000DD700 /* Build configuration list for PBXNativeTarget "FoodStockTests" */;
			buildPhases = (
				71776DA11D00B30C000DD700 /* Sources */,
				71776DA21D00B30C000DD700 /* Frameworks */,
				71776DA31D00B30C000DD700 /* Resources */,
			);
			buildRules = (
			);
			dependencies = (
				71776DA71D00B30C000DD700 /* PBXTargetDependency */,
			);
			name = FoodStockTests;
			productName = FoodStockTests;
			productReference = 71776DA51D00B30C000DD700 /* FoodStockTests.xctest */;
			productType = "com.apple.product-type.bundle.unit-test";
		};
		71776DAF1D00B30C000DD700 /* FoodStockUITests */ = {
			isa = PBXNativeTarget;
			buildConfigurationList = 71776DBF1D00B30C000DD700 /* Build configuration list for PBXNativeTarget "FoodStockUITests" */;
			buildPhases = (
				71776DAC1D00B30C000DD700 /* Sources */,
				71776DAD1D00B30C000DD700 /* Frameworks */,
				71776DAE1D00B30C000DD700 /* Resources */,
			);
			buildRules = (
			);
			dependencies = (
				71776DB21D00B30C000DD700 /* PBXTargetDependency */,
			);
			name = FoodStockUITests;
			productName = FoodStockUITests;
			productReference = 71776DB01D00B30C000DD700 /* FoodStockUITests.xctest */;
			productType = "com.apple.product-type.bundle.ui-testing";
		};
/* End PBXNativeTarget section */

/* Begin PBXProject section */
		71776D891D00B30C000DD700 /* Project object */ = {
			isa = PBXProject;
			attributes = {
				LastSwiftUpdateCheck = 0720;
				LastUpgradeCheck = 0720;
				ORGANIZATIONNAME = Mandhani;
				TargetAttributes = {
					71776D901D00B30C000DD700 = {
						CreatedOnToolsVersion = 7.2;
						DevelopmentTeam = D3P3GVAL8S;
					};
					71776DA41D00B30C000DD700 = {
						CreatedOnToolsVersion = 7.2;
						DevelopmentTeam = D3P3GVAL8S;
						TestTargetID = 71776D901D00B30C000DD700;
					};
					71776DAF1D00B30C000DD700 = {
						CreatedOnToolsVersion = 7.2;
						DevelopmentTeam = D3P3GVAL8S;
						TestTargetID = 71776D901D00B30C000DD700;
					};
				};
			};
			buildConfigurationList = 71776D8C1D00B30C000DD700 /* Build configuration list for PBXProject "FoodStock" */;
			compatibilityVersion = "Xcode 3.2";
			developmentRegion = English;
			hasScannedForEncodings = 0;
			knownRegions = (
				en,
				Base,
			);
			mainGroup = 71776D881D00B30C000DD700;
			productRefGroup = 71776D921D00B30C000DD700 /* Products */;
			projectDirPath = "";
			projectRoot = "";
			targets = (
				71776D901D00B30C000DD700 /* FoodStock */,
				71776DA41D00B30C000DD700 /* FoodStockTests */,
				71776DAF1D00B30C000DD700 /* FoodStockUITests */,
			);
		};
/* End PBXProject section */

/* Begin PBXResourcesBuildPhase section */
		71776D8F1D00B30C000DD700 /* Resources */ = {
			isa = PBXResourcesBuildPhase;
			buildActionMask = 2147483647;
			files = (
				71776D9F1D00B30C000DD700 /* LaunchScreen.storyboard in Resources */,
				71776D9C1D00B30C000DD700 /* Assets.xcassets in Resources */,
				71776D9A1D00B30C000DD700 /* Main.storyboard in Resources */,
			);
			runOnlyForDeploymentPostprocessing = 0;
		};
		71776DA31D00B30C000DD700 /* Resources */ = {
			isa = PBXResourcesBuildPhase;
			buildActionMask = 2147483647;
			files = (
			);
			runOnlyForDeploymentPostprocessing = 0;
		};
		71776DAE1D00B30C000DD700 /* Resources */ = {
			isa = PBXResourcesBuildPhase;
			buildActionMask = 2147483647;
			files = (
			);
			runOnlyForDeploymentPostprocessing = 0;
		};
/* End PBXResourcesBuildPhase section */

/* Begin PBXSourcesBuildPhase section */
		71776D8D1D00B30C000DD700 /* Sources */ = {
			isa = PBXSourcesBuildPhase;
			buildActionMask = 2147483647;
			files = (
				71776DC51D0235DE000DD700 /* Ingredient.swift in Sources */,
				71776D971D00B30C000DD700 /* ViewController.swift in Sources */,
				71776D951D00B30C000DD700 /* AppDelegate.swift in Sources */,
				71776DC31D00BD32000DD700 /* IngredientTableViewCell.swift in Sources */,
			);
			runOnlyForDeploymentPostprocessing = 0;
		};
		71776DA11D00B30C000DD700 /* Sources */ = {
			isa = PBXSourcesBuildPhase;
			buildActionMask = 2147483647;
			files = (
				71776DAA1D00B30C000DD700 /* FoodStockTests.swift in Sources */,
			);
			runOnlyForDeploymentPostprocessing = 0;
		};
		71776DAC1D00B30C000DD700 /* Sources */ = {
			isa = PBXSourcesBuildPhase;
			buildActionMask = 2147483647;
			files = (
				71776DB51D00B30C000DD700 /* FoodStockUITests.swift in Sources */,
			);
			runOnlyForDeploymentPostprocessing = 0;
		};
/* End PBXSourcesBuildPhase section */

/* Begin PBXTargetDependency section */
		71776DA71D00B30C000DD700 /* PBXTargetDependency */ = {
			isa = PBXTargetDependency;
			target = 71776D901D00B30C000DD700 /* FoodStock */;
			targetProxy = 71776DA61D00B30C000DD700 /* PBXContainerItemProxy */;
		};
		71776DB21D00B30C000DD700 /* PBXTargetDependency */ = {
			isa = PBXTargetDependency;
			target = 71776D901D00B30C000DD700 /* FoodStock */;
			targetProxy = 71776DB11D00B30C000DD700 /* PBXContainerItemProxy */;
		};
/* End PBXTargetDependency section */

/* Begin PBXVariantGroup section */
		71776D981D00B30C000DD700 /* Main.storyboard */ = {
			isa = PBXVariantGroup;
			children = (
				71776D991D00B30C000DD700 /* Base */,
			);
			name = Main.storyboard;
			sourceTree = "<group>";
		};
		71776D9D1D00B30C000DD700 /* LaunchScreen.storyboard */ = {
			isa = PBXVariantGroup;
			children = (
				71776D9E1D00B30C000DD700 /* Base */,
			);
			name = LaunchScreen.storyboard;
			sourceTree = "<group>";
		};
/* End PBXVariantGroup section */

/* Begin XCBuildConfiguration section */
		71776DB71D00B30C000DD700 /* Debug */ = {
			isa = XCBuildConfiguration;
			buildSettings = {
				ALWAYS_SEARCH_USER_PATHS = NO;
				CLANG_CXX_LANGUAGE_STANDARD = "gnu++0x";
				CLANG_CXX_LIBRARY = "libc++";
				CLANG_ENABLE_MODULES = YES;
				CLANG_ENABLE_OBJC_ARC = YES;
				CLANG_WARN_BOOL_CONVERSION = YES;
				CLANG_WARN_CONSTANT_CONVERSION = YES;
				CLANG_WARN_DIRECT_OBJC_ISA_USAGE = YES_ERROR;
				CLANG_WARN_EMPTY_BODY = YES;
				CLANG_WARN_ENUM_CONVERSION = YES;
				CLANG_WARN_INT_CONVERSION = YES;
				CLANG_WARN_OBJC_ROOT_CLASS = YES_ERROR;
				CLANG_WARN_UNREACHABLE_CODE = YES;
				CLANG_WARN__DUPLICATE_METHOD_MATCH = YES;
				"CODE_SIGN_IDENTITY[sdk=iphoneos*]" = "iPhone Developer";
				COPY_PHASE_STRIP = NO;
				DEBUG_INFORMATION_FORMAT = dwarf;
				ENABLE_STRICT_OBJC_MSGSEND = YES;
				ENABLE_TESTABILITY = YES;
				GCC_C_LANGUAGE_STANDARD = gnu99;
				GCC_DYNAMIC_NO_PIC = NO;
				GCC_NO_COMMON_BLOCKS = YES;
				GCC_OPTIMIZATION_LEVEL = 0;
				GCC_PREPROCESSOR_DEFINITIONS = (
					"DEBUG=1",
					"$(inherited)",
				);
				GCC_WARN_64_TO_32_BIT_CONVERSION = YES;
				GCC_WARN_ABOUT_RETURN_TYPE = YES_ERROR;
				GCC_WARN_UNDECLARED_SELECTOR = YES;
				GCC_WARN_UNINITIALIZED_AUTOS = YES_AGGRESSIVE;
				GCC_WARN_UNUSED_FUNCTION = YES;
				GCC_WARN_UNUSED_VARIABLE = YES;
				IPHONEOS_DEPLOYMENT_TARGET = 9.2;
				MTL_ENABLE_DEBUG_INFO = YES;
				ONLY_ACTIVE_ARCH = YES;
				SDKROOT = iphoneos;
				SWIFT_OPTIMIZATION_LEVEL = "-Onone";
			};
			name = Debug;
		};
		71776DB81D00B30C000DD700 /* Release */ = {
			isa = XCBuildConfiguration;
			buildSettings = {
				ALWAYS_SEARCH_USER_PATHS = NO;
				CLANG_CXX_LANGUAGE_STANDARD = "gnu++0x";
				CLANG_CXX_LIBRARY = "libc++";
				CLANG_ENABLE_MODULES = YES;
				CLANG_ENABLE_OBJC_ARC = YES;
				CLANG_WARN_BOOL_CONVERSION = YES;
				CLANG_WARN_CONSTANT_CONVERSION = YES;
				CLANG_WARN_DIRECT_OBJC_ISA_USAGE = YES_ERROR;
				CLANG_WARN_EMPTY_BODY = YES;
				CLANG_WARN_ENUM_CONVERSION = YES;
				CLANG_WARN_INT_CONVERSION = YES;
				CLANG_WARN_OBJC_ROOT_CLASS = YES_ERROR;
				CLANG_WARN_UNREACHABLE_CODE = YES;
				CLANG_WARN__DUPLICATE_METHOD_MATCH = YES;
				"CODE_SIGN_IDENTITY[sdk=iphoneos*]" = "iPhone Developer";
				COPY_PHASE_STRIP = NO;
				DEBUG_INFORMATION_FORMAT = "dwarf-with-dsym";
				ENABLE_NS_ASSERTIONS = NO;
				ENABLE_STRICT_OBJC_MSGSEND = YES;
				GCC_C_LANGUAGE_STANDARD = gnu99;
				GCC_NO_COMMON_BLOCKS = YES;
				GCC_WARN_64_TO_32_BIT_CONVERSION = YES;
				GCC_WARN_ABOUT_RETURN_TYPE = YES_ERROR;
				GCC_WARN_UNDECLARED_SELECTOR = YES;
				GCC_WARN_UNINITIALIZED_AUTOS = YES_AGGRESSIVE;
				GCC_WARN_UNUSED_FUNCTION = YES;
				GCC_WARN_UNUSED_VARIABLE = YES;
				IPHONEOS_DEPLOYMENT_TARGET = 9.2;
				MTL_ENABLE_DEBUG_INFO = NO;
				SDKROOT = iphoneos;
				VALIDATE_PRODUCT = YES;
			};
			name = Release;
		};
		71776DBA1D00B30C000DD700 /* Debug */ = {
			isa = XCBuildConfiguration;
			buildSettings = {
				ASSETCATALOG_COMPILER_APPICON_NAME = AppIcon;
				INFOPLIST_FILE = FoodStock/Info.plist;
				LD_RUNPATH_SEARCH_PATHS = "$(inherited) @executable_path/Frameworks";
				PRODUCT_BUNDLE_IDENTIFIER = com.manavm.FoodStock;
				PRODUCT_NAME = "$(TARGET_NAME)";
			};
			name = Debug;
		};
		71776DBB1D00B30C000DD700 /* Release */ = {
			isa = XCBuildConfiguration;
			buildSettings = {
				ASSETCATALOG_COMPILER_APPICON_NAME = AppIcon;
				INFOPLIST_FILE = FoodStock/Info.plist;
				LD_RUNPATH_SEARCH_PATHS = "$(inherited) @executable_path/Frameworks";
				PRODUCT_BUNDLE_IDENTIFIER = com.manavm.FoodStock;
				PRODUCT_NAME = "$(TARGET_NAME)";
			};
			name = Release;
		};
		71776DBD1D00B30C000DD700 /* Debug */ = {
			isa = XCBuildConfiguration;
			buildSettings = {
				BUNDLE_LOADER = "$(TEST_HOST)";
				INFOPLIST_FILE = FoodStockTests/Info.plist;
				LD_RUNPATH_SEARCH_PATHS = "$(inherited) @executable_path/Frameworks @loader_path/Frameworks";
				PRODUCT_BUNDLE_IDENTIFIER = com.manavm.FoodStockTests;
				PRODUCT_NAME = "$(TARGET_NAME)";
				TEST_HOST = "$(BUILT_PRODUCTS_DIR)/FoodStock.app/FoodStock";
			};
			name = Debug;
		};
		71776DBE1D00B30C000DD700 /* Release */ = {
			isa = XCBuildConfiguration;
			buildSettings = {
				BUNDLE_LOADER = "$(TEST_HOST)";
				INFOPLIST_FILE = FoodStockTests/Info.plist;
				LD_RUNPATH_SEARCH_PATHS = "$(inherited) @executable_path/Frameworks @loader_path/Frameworks";
				PRODUCT_BUNDLE_IDENTIFIER = com.manavm.FoodStockTests;
				PRODUCT_NAME = "$(TARGET_NAME)";
				TEST_HOST = "$(BUILT_PRODUCTS_DIR)/FoodStock.app/FoodStock";
			};
			name = Release;
		};
		71776DC01D00B30C000DD700 /* Debug */ = {
			isa = XCBuildConfiguration;
			buildSettings = {
				INFOPLIST_FILE = FoodStockUITests/Info.plist;
				LD_RUNPATH_SEARCH_PATHS = "$(inherited) @executable_path/Frameworks @loader_path/Frameworks";
				PRODUCT_BUNDLE_IDENTIFIER = com.manavm.FoodStockUITests;
				PRODUCT_NAME = "$(TARGET_NAME)";
				TEST_TARGET_NAME = FoodStock;
				USES_XCTRUNNER = YES;
			};
			name = Debug;
		};
		71776DC11D00B30C000DD700 /* Release */ = {
			isa = XCBuildConfiguration;
			buildSettings = {
				INFOPLIST_FILE = FoodStockUITests/Info.plist;
				LD_RUNPATH_SEARCH_PATHS = "$(inherited) @executable_path/Frameworks @loader_path/Frameworks";
				PRODUCT_BUNDLE_IDENTIFIER = com.manavm.FoodStockUITests;
				PRODUCT_NAME = "$(TARGET_NAME)";
				TEST_TARGET_NAME = FoodStock;
				USES_XCTRUNNER = YES;
			};
			name = Release;
		};
/* End XCBuildConfiguration section */

/* Begin XCConfigurationList section */
		71776D8C1D00B30C000DD700 /* Build configuration list for PBXProject "FoodStock" */ = {
			isa = XCConfigurationList;
			buildConfigurations = (
				71776DB71D00B30C000DD700 /* Debug */,
				71776DB81D00B30C000DD700 /* Release */,
			);
			defaultConfigurationIsVisible = 0;
			defaultConfigurationName = Release;
		};
		71776DB91D00B30C000DD700 /* Build configuration list for PBXNativeTarget "FoodStock" */ = {
			isa = XCConfigurationList;
			buildConfigurations = (
				71776DBA1D00B30C000DD700 /* Debug */,
				71776DBB1D00B30C000DD700 /* Release */,
			);
			defaultConfigurationIsVisible = 0;
		};
		71776DBC1D00B30C000DD700 /* Build configuration list for PBXNativeTarget "FoodStockTests" */ = {
			isa = XCConfigurationList;
			buildConfigurations = (
				71776DBD1D00B30C000DD700 /* Debug */,
				71776DBE1D00B30C000DD700 /* Release */,
			);
			defaultConfigurationIsVisible = 0;
		};
		71776DBF1D00B30C000DD700 /* Build configuration list for PBXNativeTarget "FoodStockUITests" */ = {
			isa = XCConfigurationList;
			buildConfigurations = (
				71776DC01D00B30C000DD700 /* Debug */,
				71776DC11D00B30C000DD700 /* Release */,
			);
			defaultConfigurationIsVisible = 0;
		};
/* End XCConfigurationList section */
	};
	rootObject = 71776D891D00B30C000DD700 /* Project object */;
}
